{
  "name": "RawControl",
  "version": "1.0.0",
  "lockfileVersion": 2,
  "requires": true,
  "packages": {
    "": {
      "name": "RawControl",
      "version": "1.0.0",
      "license": "ISC",
      "dependencies": {
        "RawControl": "github:sparklypig/RawControl"
      }
    },
    "node_modules/RawControl": {
      "version": "1.0.0",
      "resolved": "git+ssh://git@github.com/sparklypig/RawControl.git#18f7c8ecae5e776ba4c249cc53404efa76ff9598",
      "license": "ISC"
    }
  },
  "dependencies": {
    "RawControl": {
      "version": "git+ssh://git@github.com/sparklypig/RawControl.git#18f7c8ecae5e776ba4c249cc53404efa76ff9598",
      "from": "RawControl@sparklypig/RawControl"
    }
  }
}
